
Microsoft Visual Studio Solution File, Format Version 12.00
# Visual Studio Version 16
VisualStudioVersion = 16.0.29418.71
MinimumVisualStudioVersion = 10.0.40219.1
Project("{8BC9CEB8-8B4A-11D0-8D11-00A0C91BC942}") = "Game", "game\game.vcxproj", "{290A3218-7849-495B-B61A-9384D504DFAD}"
EndProject
Project("{8BC9CEB8-8B4A-11D0-8D11-00A0C91BC942}") = "Steel", "steel\steel.vcxproj", "{854B2CC6-44F2-46FB-BBF4-32F064B06A31}"
EndProject
Global
	GlobalSection(SolutionConfigurationPlatforms) = preSolution
		Debug|x64 = Debug|x64
		Release|x64 = Release|x64
	EndGlobalSection
	GlobalSection(ProjectConfigurationPlatforms) = postSolution
		{854B2CC6-44F2-46FB-BBF4-32F064B06A31}.Debug|x64.ActiveCfg = Debug|x64
		{854B2CC6-44F2-46FB-BBF4-32F064B06A31}.Debug|x64.Build.0 = Debug|x64
		{854B2CC6-44F2-46FB-BBF4-32F064B06A31}.Release|x64.ActiveCfg = Release|x64
		{854B2CC6-44F2-46FB-BBF4-32F064B06A31}.Release|x64.Build.0 = Release|x64
		{290A3218-7849-495B-B61A-9384D504DFAD}.Debug|x64.ActiveCfg = Debug|x64
		{290A3218-7849-495B-B61A-9384D504DFAD}.Debug|x64.Build.0 = Debug|x64
		{290A3218-7849-495B-B61A-9384D504DFAD}.Release|x64.ActiveCfg = Release|x64
		{290A3218-7849-495B-B61A-9384D504DFAD}.Release|x64.Build.0 = Release|x64
	EndGlobalSection
	GlobalSection(SolutionProperties) = preSolution
		HideSolutionNode = FALSE
	EndGlobalSection
	GlobalSection(ExtensibilityGlobals) = postSolution
		SolutionGuid = {62A01081-47E8-4432-829B-F1AE41672C5F}
	EndGlobalSection
EndGlobal
